
Microsoft Visual Studio Solution File, Format Version 12.00
# Visual Studio 15
VisualStudioVersion = 15.0.28307.106
MinimumVisualStudioVersion = 10.0.40219.1
Project("{FAE04EC0-301F-11D3-BF4B-00C04F79EFBC}") = "BotAni", "BotAni\BotAni.csproj", "{38C7245E-F3B3-46E6-A857-D687C87297D5}"
EndProject
Global
	GlobalSection(SolutionConfigurationPlatforms) = preSolution
		Debug|Any CPU = Debug|Any CPU
		Release|Any CPU = Release|Any CPU
	EndGlobalSection
	GlobalSection(ProjectConfigurationPlatforms) = postSolution
		{38C7245E-F3B3-46E6-A857-D687C87297D5}.Debug|Any CPU.ActiveCfg = Debug|Any CPU
		{38C7245E-F3B3-46E6-A857-D687C87297D5}.Debug|Any CPU.Build.0 = Debug|Any CPU
		{38C7245E-F3B3-46E6-A857-D687C87297D5}.Release|Any CPU.ActiveCfg = Release|Any CPU
		{38C7245E-F3B3-46E6-A857-D687C87297D5}.Release|Any CPU.Build.0 = Release|Any CPU
	EndGlobalSection
	GlobalSection(SolutionProperties) = preSolution
		HideSolutionNode = FALSE
	EndGlobalSection
	GlobalSection(ExtensibilityGlobals) = postSolution
		SolutionGuid = {7889B867-052F-47C7-9D5F-CF50F5213BDA}
	EndGlobalSection
EndGlobal
